
Microsoft Visual Studio Solution File, Format Version 12.00
# Visual Studio Version 16
VisualStudioVersion = 16.0.31205.134
MinimumVisualStudioVersion = 10.0.40219.1
Project("{FAE04EC0-301F-11D3-BF4B-00C04F79EFBC}") = "MvcYemegimHazir", "MvcYemegimHazir.csproj", "{27337BF2-6954-49DF-93E7-33A23AAD5CDC}"
EndProject
Project("{FAE04EC0-301F-11D3-BF4B-00C04F79EFBC}") = "EntityLayer", "..\EntityLayer\EntityLayer.csproj", "{39361076-F496-4C24-98E5-CADBB81DC526}"
EndProject
Project("{FAE04EC0-301F-11D3-BF4B-00C04F79EFBC}") = "DataAccessLayer", "..\DataAccessLayer\DataAccessLayer.csproj", "{9775CA58-5183-466E-B12B-5994F4FE0C13}"
EndProject
Project("{FAE04EC0-301F-11D3-BF4B-00C04F79EFBC}") = "BusinessLayer", "..\BusinessLayer\BusinessLayer.csproj", "{CCFDF1D1-0D4B-40B3-98BC-9DE0C21C0826}"
EndProject
Global
	GlobalSection(SolutionConfigurationPlatforms) = preSolution
		Debug|Any CPU = Debug|Any CPU
		Release|Any CPU = Release|Any CPU
	EndGlobalSection
	GlobalSection(ProjectConfigurationPlatforms) = postSolution
		{27337BF2-6954-49DF-93E7-33A23AAD5CDC}.Debug|Any CPU.ActiveCfg = Debug|Any CPU
		{27337BF2-6954-49DF-93E7-33A23AAD5CDC}.Debug|Any CPU.Build.0 = Debug|Any CPU
		{27337BF2-6954-49DF-93E7-33A23AAD5CDC}.Release|Any CPU.ActiveCfg = Release|Any CPU
		{27337BF2-6954-49DF-93E7-33A23AAD5CDC}.Release|Any CPU.Build.0 = Release|Any CPU
		{39361076-F496-4C24-98E5-CADBB81DC526}.Debug|Any CPU.ActiveCfg = Debug|Any CPU
		{39361076-F496-4C24-98E5-CADBB81DC526}.Debug|Any CPU.Build.0 = Debug|Any CPU
		{39361076-F496-4C24-98E5-CADBB81DC526}.Release|Any CPU.ActiveCfg = Release|Any CPU
		{39361076-F496-4C24-98E5-CADBB81DC526}.Release|Any CPU.Build.0 = Release|Any CPU
		{9775CA58-5183-466E-B12B-5994F4FE0C13}.Debug|Any CPU.ActiveCfg = Debug|Any CPU
		{9775CA58-5183-466E-B12B-5994F4FE0C13}.Debug|Any CPU.Build.0 = Debug|Any CPU
		{9775CA58-5183-466E-B12B-5994F4FE0C13}.Release|Any CPU.ActiveCfg = Release|Any CPU
		{9775CA58-5183-466E-B12B-5994F4FE0C13}.Release|Any CPU.Build.0 = Release|Any CPU
		{CCFDF1D1-0D4B-40B3-98BC-9DE0C21C0826}.Debug|Any CPU.ActiveCfg = Debug|Any CPU
		{CCFDF1D1-0D4B-40B3-98BC-9DE0C21C0826}.Debug|Any CPU.Build.0 = Debug|Any CPU
		{CCFDF1D1-0D4B-40B3-98BC-9DE0C21C0826}.Release|Any CPU.ActiveCfg = Release|Any CPU
		{CCFDF1D1-0D4B-40B3-98BC-9DE0C21C0826}.Release|Any CPU.Build.0 = Release|Any CPU
	EndGlobalSection
	GlobalSection(SolutionProperties) = preSolution
		HideSolutionNode = FALSE
	EndGlobalSection
	GlobalSection(ExtensibilityGlobals) = postSolution
		SolutionGuid = {7330D29F-F2D3-419F-AB1C-C9511288E961}
	EndGlobalSection
EndGlobal
